
Microsoft Visual Studio Solution File, Format Version 12.00
# Visual Studio Version 17
VisualStudioVersion = 17.5.002.0
MinimumVisualStudioVersion = 10.0.40219.1
Project("{9A19103F-16F7-4668-BE54-9A1E7A4F7556}") = "Pruebas", "Pruebas.csproj", "{EB114668-6E1E-4544-89C5-45B9AE68E220}"
EndProject
Global
	GlobalSection(SolutionConfigurationPlatforms) = preSolution
		Debug|Any CPU = Debug|Any CPU
		Release|Any CPU = Release|Any CPU
	EndGlobalSection
	GlobalSection(ProjectConfigurationPlatforms) = postSolution
		{EB114668-6E1E-4544-89C5-45B9AE68E220}.Debug|Any CPU.ActiveCfg = Debug|Any CPU
		{EB114668-6E1E-4544-89C5-45B9AE68E220}.Debug|Any CPU.Build.0 = Debug|Any CPU
		{EB114668-6E1E-4544-89C5-45B9AE68E220}.Release|Any CPU.ActiveCfg = Release|Any CPU
		{EB114668-6E1E-4544-89C5-45B9AE68E220}.Release|Any CPU.Build.0 = Release|Any CPU
	EndGlobalSection
	GlobalSection(SolutionProperties) = preSolution
		HideSolutionNode = FALSE
	EndGlobalSection
	GlobalSection(ExtensibilityGlobals) = postSolution
		SolutionGuid = {AEFEB545-89BB-433D-8333-7C7D67928E1B}
	EndGlobalSection
EndGlobal
